// !$*UTF8*$!
{
	archiveVersion = 1;
	classes = {
	};
	objectVersion = 46;
	objects = {

/* Begin PBXBuildFile section */
		163D975C1DC8C53E00282F79 /* README.MD in Sources */ = {isa = PBXBuildFile; fileRef = 163D975B1DC8C53E00282F79 /* README.MD */; };
		163D975E1DC8C57400282F79 /* README.MD in Sources */ = {isa = PBXBuildFile; fileRef = 163D975D1DC8C57400282F79 /* README.MD */; };
		163D97601DC8C5A000282F79 /* README.md in Sources */ = {isa = PBXBuildFile; fileRef = 163D975F1DC8C5A000282F79 /* README.md */; };
		163D97651DC8C85E00282F79 /* Client.swift in Sources */ = {isa = PBXBuildFile; fileRef = 163D97641DC8C85E00282F79 /* Client.swift */; };
		163D97701DC8FBD200282F79 /* KinopoiskGenres.swift in Sources */ = {isa = PBXBuildFile; fileRef = 163D976F1DC8FBD200282F79 /* KinopoiskGenres.swift */; };
		16E448531DC8C497000150F5 /* SwiftyJSON.swift in Sources */ = {isa = PBXBuildFile; fileRef = 16E448521DC8C497000150F5 /* SwiftyJSON.swift */; };
		16F0B93B1DBA9DCA004ABD07 /* AppDelegate.swift in Sources */ = {isa = PBXBuildFile; fileRef = 16F0B93A1DBA9DCA004ABD07 /* AppDelegate.swift */; };
		16F0B93D1DBA9DCA004ABD07 /* ViewController.swift in Sources */ = {isa = PBXBuildFile; fileRef = 16F0B93C1DBA9DCA004ABD07 /* ViewController.swift */; };
		16F0B9401DBA9DCA004ABD07 /* Main.storyboard in Resources */ = {isa = PBXBuildFile; fileRef = 16F0B93E1DBA9DCA004ABD07 /* Main.storyboard */; };
		16F0B9421DBA9DCA004ABD07 /* Assets.xcassets in Resources */ = {isa = PBXBuildFile; fileRef = 16F0B9411DBA9DCA004ABD07 /* Assets.xcassets */; };
		16F0B9451DBA9DCA004ABD07 /* LaunchScreen.storyboard in Resources */ = {isa = PBXBuildFile; fileRef = 16F0B9431DBA9DCA004ABD07 /* LaunchScreen.storyboard */; };
		16F0B94D1DBA9E67004ABD07 /* KinopoiskAPI.swift in Sources */ = {isa = PBXBuildFile; fileRef = 16F0B94C1DBA9E67004ABD07 /* KinopoiskAPI.swift */; };
/* End PBXBuildFile section */

/* Begin PBXFileReference section */
		163D975B1DC8C53E00282F79 /* README.MD */ = {isa = PBXFileReference; fileEncoding = 4; lastKnownFileType = net.daringfireball.markdown; path = README.MD; sourceTree = "<group>"; };
		163D975D1DC8C57400282F79 /* README.MD */ = {isa = PBXFileReference; fileEncoding = 4; lastKnownFileType = net.daringfireball.markdown; path = README.MD; sourceTree = "<group>"; };
		163D975F1DC8C5A000282F79 /* README.md */ = {isa = PBXFileReference; fileEncoding = 4; lastKnownFileType = net.daringfireball.markdown; name = README.md; path = KinopoiskAPI/Models/README.md; sourceTree = SOURCE_ROOT; };
		163D97641DC8C85E00282F79 /* Client.swift */ = {isa = PBXFileReference; fileEncoding = 4; lastKnownFileType = sourcecode.swift; path = Client.swift; sourceTree = "<group>"; };
		163D976F1DC8FBD200282F79 /* KinopoiskGenres.swift */ = {isa = PBXFileReference; fileEncoding = 4; lastKnownFileType = sourcecode.swift; path = KinopoiskGenres.swift; sourceTree = "<group>"; };
		16E448521DC8C497000150F5 /* SwiftyJSON.swift */ = {isa = PBXFileReference; fileEncoding = 4; lastKnownFileType = sourcecode.swift; path = SwiftyJSON.swift; sourceTree = "<group>"; };
		16F0B9371DBA9DCA004ABD07 /* KinopoiskAPI.app */ = {isa = PBXFileReference; explicitFileType = wrapper.application; includeInIndex = 0; path = KinopoiskAPI.app; sourceTree = BUILT_PRODUCTS_DIR; };
		16F0B93A1DBA9DCA004ABD07 /* AppDelegate.swift */ = {isa = PBXFileReference; lastKnownFileType = sourcecode.swift; path = AppDelegate.swift; sourceTree = "<group>"; };
		16F0B93C1DBA9DCA004ABD07 /* ViewController.swift */ = {isa = PBXFileReference; lastKnownFileType = sourcecode.swift; path = ViewController.swift; sourceTree = "<group>"; };
		16F0B93F1DBA9DCA004ABD07 /* Base */ = {isa = PBXFileReference; lastKnownFileType = file.storyboard; name = Base; path = Base.lproj/Main.storyboard; sourceTree = "<group>"; };
		16F0B9411DBA9DCA004ABD07 /* Assets.xcassets */ = {isa = PBXFileReference; lastKnownFileType = folder.assetcatalog; path = Assets.xcassets; sourceTree = "<group>"; };
		16F0B9441DBA9DCA004ABD07 /* Base */ = {isa = PBXFileReference; lastKnownFileType = file.storyboard; name = Base; path = Base.lproj/LaunchScreen.storyboard; sourceTree = "<group>"; };
		16F0B9461DBA9DCA004ABD07 /* Info.plist */ = {isa = PBXFileReference; lastKnownFileType = text.plist.xml; path = Info.plist; sourceTree = "<group>"; };
		16F0B94C1DBA9E67004ABD07 /* KinopoiskAPI.swift */ = {isa = PBXFileReference; fileEncoding = 4; lastKnownFileType = sourcecode.swift; path = KinopoiskAPI.swift; sourceTree = "<group>"; };
/* End PBXFileReference section */

/* Begin PBXFrameworksBuildPhase section */
		16F0B9341DBA9DC9004ABD07 /* Frameworks */ = {
			isa = PBXFrameworksBuildPhase;
			buildActionMask = 2147483647;
			files = (
			);
			runOnlyForDeploymentPostprocessing = 0;
		};
/* End PBXFrameworksBuildPhase section */

/* Begin PBXGroup section */
		16E4484F1DC8C384000150F5 /* Models */ = {
			isa = PBXGroup;
			children = (
				163D975F1DC8C5A000282F79 /* README.md */,
				163D976F1DC8FBD200282F79 /* KinopoiskGenres.swift */,
			);
			path = Models;
			sourceTree = "<group>";
		};
		16E448501DC8C3BA000150F5 /* Client */ = {
			isa = PBXGroup;
			children = (
				163D975D1DC8C57400282F79 /* README.MD */,
				163D97641DC8C85E00282F79 /* Client.swift */,
			);
			path = Client;
			sourceTree = "<group>";
		};
		16E448511DC8C405000150F5 /* Open Source */ = {
			isa = PBXGroup;
			children = (
				16E448521DC8C497000150F5 /* SwiftyJSON.swift */,
				163D975B1DC8C53E00282F79 /* README.MD */,
			);
			path = "Open Source";
			sourceTree = "<group>";
		};
		16F0B92E1DBA9DC9004ABD07 = {
			isa = PBXGroup;
			children = (
				16F0B9391DBA9DCA004ABD07 /* KinopoiskAPI */,
				16F0B9381DBA9DCA004ABD07 /* Products */,
			);
			sourceTree = "<group>";
		};
		16F0B9381DBA9DCA004ABD07 /* Products */ = {
			isa = PBXGroup;
			children = (
				16F0B9371DBA9DCA004ABD07 /* KinopoiskAPI.app */,
			);
			name = Products;
			sourceTree = "<group>";
		};
		16F0B9391DBA9DCA004ABD07 /* KinopoiskAPI */ = {
			isa = PBXGroup;
			children = (
				16E448511DC8C405000150F5 /* Open Source */,
				16E448501DC8C3BA000150F5 /* Client */,
				16E4484F1DC8C384000150F5 /* Models */,
				16F0B93A1DBA9DCA004ABD07 /* AppDelegate.swift */,
				16F0B93C1DBA9DCA004ABD07 /* ViewController.swift */,
				16F0B93E1DBA9DCA004ABD07 /* Main.storyboard */,
				16F0B9411DBA9DCA004ABD07 /* Assets.xcassets */,
				16F0B9431DBA9DCA004ABD07 /* LaunchScreen.storyboard */,
				16F0B9461DBA9DCA004ABD07 /* Info.plist */,
				16F0B94C1DBA9E67004ABD07 /* KinopoiskAPI.swift */,
			);
			path = KinopoiskAPI;
			sourceTree = "<group>";
		};
/* End PBXGroup section */

/* Begin PBXNativeTarget section */
		16F0B9361DBA9DC9004ABD07 /* KinopoiskAPI */ = {
			isa = PBXNativeTarget;
			buildConfigurationList = 16F0B9491DBA9DCA004ABD07 /* Build configuration list for PBXNativeTarget "KinopoiskAPI" */;
			buildPhases = (
				16F0B9331DBA9DC9004ABD07 /* Sources */,
				16F0B9341DBA9DC9004ABD07 /* Frameworks */,
				16F0B9351DBA9DC9004ABD07 /* Resources */,
			);
			buildRules = (
			);
			dependencies = (
			);
			name = KinopoiskAPI;
			productName = KinopoiskAPI;
			productReference = 16F0B9371DBA9DCA004ABD07 /* KinopoiskAPI.app */;
			productType = "com.apple.product-type.application";
		};
/* End PBXNativeTarget section */

/* Begin PBXProject section */
		16F0B92F1DBA9DC9004ABD07 /* Project object */ = {
			isa = PBXProject;
			attributes = {
				LastSwiftUpdateCheck = 0800;
				LastUpgradeCheck = 0800;
				ORGANIZATIONNAME = IlyaGutnikov;
				TargetAttributes = {
					16F0B9361DBA9DC9004ABD07 = {
						CreatedOnToolsVersion = 8.0;
						DevelopmentTeam = NN66A2H896;
						ProvisioningStyle = Automatic;
					};
				};
			};
			buildConfigurationList = 16F0B9321DBA9DC9004ABD07 /* Build configuration list for PBXProject "KinopoiskAPI" */;
			compatibilityVersion = "Xcode 3.2";
			developmentRegion = English;
			hasScannedForEncodings = 0;
			knownRegions = (
				en,
				Base,
			);
			mainGroup = 16F0B92E1DBA9DC9004ABD07;
			productRefGroup = 16F0B9381DBA9DCA004ABD07 /* Products */;
			projectDirPath = "";
			projectRoot = "";
			targets = (
				16F0B9361DBA9DC9004ABD07 /* KinopoiskAPI */,
			);
		};
/* End PBXProject section */

/* Begin PBXResourcesBuildPhase section */
		16F0B9351DBA9DC9004ABD07 /* Resources */ = {
			isa = PBXResourcesBuildPhase;
			buildActionMask = 2147483647;
			files = (
				16F0B9451DBA9DCA004ABD07 /* LaunchScreen.storyboard in Resources */,
				16F0B9421DBA9DCA004ABD07 /* Assets.xcassets in Resources */,
				16F0B9401DBA9DCA004ABD07 /* Main.storyboard in Resources */,
			);
			runOnlyForDeploymentPostprocessing = 0;
		};
/* End PBXResourcesBuildPhase section */

/* Begin PBXSourcesBuildPhase section */
		16F0B9331DBA9DC9004ABD07 /* Sources */ = {
			isa = PBXSourcesBuildPhase;
			buildActionMask = 2147483647;
			files = (
				163D975E1DC8C57400282F79 /* README.MD in Sources */,
				16F0B94D1DBA9E67004ABD07 /* KinopoiskAPI.swift in Sources */,
				16F0B93D1DBA9DCA004ABD07 /* ViewController.swift in Sources */,
				163D97601DC8C5A000282F79 /* README.md in Sources */,
				163D97701DC8FBD200282F79 /* KinopoiskGenres.swift in Sources */,
				16F0B93B1DBA9DCA004ABD07 /* AppDelegate.swift in Sources */,
				16E448531DC8C497000150F5 /* SwiftyJSON.swift in Sources */,
				163D975C1DC8C53E00282F79 /* README.MD in Sources */,
				163D97651DC8C85E00282F79 /* Client.swift in Sources */,
			);
			runOnlyForDeploymentPostprocessing = 0;
		};
/* End PBXSourcesBuildPhase section */

/* Begin PBXVariantGroup section */
		16F0B93E1DBA9DCA004ABD07 /* Main.storyboard */ = {
			isa = PBXVariantGroup;
			children = (
				16F0B93F1DBA9DCA004ABD07 /* Base */,
			);
			name = Main.storyboard;
			sourceTree = "<group>";
		};
		16F0B9431DBA9DCA004ABD07 /* LaunchScreen.storyboard */ = {
			isa = PBXVariantGroup;
			children = (
				16F0B9441DBA9DCA004ABD07 /* Base */,
			);
			name = LaunchScreen.storyboard;
			sourceTree = "<group>";
		};
/* End PBXVariantGroup section */

/* Begin XCBuildConfiguration section */
		16F0B9471DBA9DCA004ABD07 /* Debug */ = {
			isa = XCBuildConfiguration;
			buildSettings = {
				ALWAYS_SEARCH_USER_PATHS = NO;
				CLANG_ANALYZER_NONNULL = YES;
				CLANG_CXX_LANGUAGE_STANDARD = "gnu++0x";
				CLANG_CXX_LIBRARY = "libc++";
				CLANG_ENABLE_MODULES = YES;
				CLANG_ENABLE_OBJC_ARC = YES;
				CLANG_WARN_BOOL_CONVERSION = YES;
				CLANG_WARN_CONSTANT_CONVERSION = YES;
				CLANG_WARN_DIRECT_OBJC_ISA_USAGE = YES_ERROR;
				CLANG_WARN_DOCUMENTATION_COMMENTS = YES;
				CLANG_WARN_EMPTY_BODY = YES;
				CLANG_WARN_ENUM_CONVERSION = YES;
				CLANG_WARN_INFINITE_RECURSION = YES;
				CLANG_WARN_INT_CONVERSION = YES;
				CLANG_WARN_OBJC_ROOT_CLASS = YES_ERROR;
				CLANG_WARN_SUSPICIOUS_MOVES = YES;
				CLANG_WARN_UNREACHABLE_CODE = YES;
				CLANG_WARN__DUPLICATE_METHOD_MATCH = YES;
				"CODE_SIGN_IDENTITY[sdk=iphoneos*]" = "iPhone Developer";
				COPY_PHASE_STRIP = NO;
				DEBUG_INFORMATION_FORMAT = dwarf;
				ENABLE_STRICT_OBJC_MSGSEND = YES;
				ENABLE_TESTABILITY = YES;
				GCC_C_LANGUAGE_STANDARD = gnu99;
				GCC_DYNAMIC_NO_PIC = NO;
				GCC_NO_COMMON_BLOCKS = YES;
				GCC_OPTIMIZATION_LEVEL = 0;
				GCC_PREPROCESSOR_DEFINITIONS = (
					"DEBUG=1",
					"$(inherited)",
				);
				GCC_WARN_64_TO_32_BIT_CONVERSION = YES;
				GCC_WARN_ABOUT_RETURN_TYPE = YES_ERROR;
				GCC_WARN_UNDECLARED_SELECTOR = YES;
				GCC_WARN_UNINITIALIZED_AUTOS = YES_AGGRESSIVE;
				GCC_WARN_UNUSED_FUNCTION = YES;
				GCC_WARN_UNUSED_VARIABLE = YES;
				IPHONEOS_DEPLOYMENT_TARGET = 10.0;
				MTL_ENABLE_DEBUG_INFO = YES;
				ONLY_ACTIVE_ARCH = YES;
				SDKROOT = iphoneos;
				SWIFT_ACTIVE_COMPILATION_CONDITIONS = DEBUG;
				SWIFT_OPTIMIZATION_LEVEL = "-Onone";
			};
			name = Debug;
		};
		16F0B9481DBA9DCA004ABD07 /* Release */ = {
			isa = XCBuildConfiguration;
			buildSettings = {
				ALWAYS_SEARCH_USER_PATHS = NO;
				CLANG_ANALYZER_NONNULL = YES;
				CLANG_CXX_LANGUAGE_STANDARD = "gnu++0x";
				CLANG_CXX_LIBRARY = "libc++";
				CLANG_ENABLE_MODULES = YES;
				CLANG_ENABLE_OBJC_ARC = YES;
				CLANG_WARN_BOOL_CONVERSION = YES;
				CLANG_WARN_CONSTANT_CONVERSION = YES;
				CLANG_WARN_DIRECT_OBJC_ISA_USAGE = YES_ERROR;
				CLANG_WARN_DOCUMENTATION_COMMENTS = YES;
				CLANG_WARN_EMPTY_BODY = YES;
				CLANG_WARN_ENUM_CONVERSION = YES;
				CLANG_WARN_INFINITE_RECURSION = YES;
				CLANG_WARN_INT_CONVERSION = YES;
				CLANG_WARN_OBJC_ROOT_CLASS = YES_ERROR;
				CLANG_WARN_SUSPICIOUS_MOVES = YES;
				CLANG_WARN_UNREACHABLE_CODE = YES;
				CLANG_WARN__DUPLICATE_METHOD_MATCH = YES;
				"CODE_SIGN_IDENTITY[sdk=iphoneos*]" = "iPhone Developer";
				COPY_PHASE_STRIP = NO;
				DEBUG_INFORMATION_FORMAT = "dwarf-with-dsym";
				ENABLE_NS_ASSERTIONS = NO;
				ENABLE_STRICT_OBJC_MSGSEND = YES;
				GCC_C_LANGUAGE_STANDARD = gnu99;
				GCC_NO_COMMON_BLOCKS = YES;
				GCC_WARN_64_TO_32_BIT_CONVERSION = YES;
				GCC_WARN_ABOUT_RETURN_TYPE = YES_ERROR;
				GCC_WARN_UNDECLARED_SELECTOR = YES;
				GCC_WARN_UNINITIALIZED_AUTOS = YES_AGGRESSIVE;
				GCC_WARN_UNUSED_FUNCTION = YES;
				GCC_WARN_UNUSED_VARIABLE = YES;
				IPHONEOS_DEPLOYMENT_TARGET = 10.0;
				MTL_ENABLE_DEBUG_INFO = NO;
				SDKROOT = iphoneos;
				SWIFT_OPTIMIZATION_LEVEL = "-Owholemodule";
				VALIDATE_PRODUCT = YES;
			};
			name = Release;
		};
		16F0B94A1DBA9DCA004ABD07 /* Debug */ = {
			isa = XCBuildConfiguration;
			buildSettings = {
				ASSETCATALOG_COMPILER_APPICON_NAME = AppIcon;
				DEVELOPMENT_TEAM = NN66A2H896;
				INFOPLIST_FILE = KinopoiskAPI/Info.plist;
				LD_RUNPATH_SEARCH_PATHS = "$(inherited) @executable_path/Frameworks";
				PRODUCT_BUNDLE_IDENTIFIER = IlyaGutnikovLLC.KinopoiskAPI;
				PRODUCT_NAME = "$(TARGET_NAME)";
				SWIFT_VERSION = 3.0;
			};
			name = Debug;
		};
		16F0B94B1DBA9DCA004ABD07 /* Release */ = {
			isa = XCBuildConfiguration;
			buildSettings = {
				ASSETCATALOG_COMPILER_APPICON_NAME = AppIcon;
				DEVELOPMENT_TEAM = NN66A2H896;
				INFOPLIST_FILE = KinopoiskAPI/Info.plist;
				LD_RUNPATH_SEARCH_PATHS = "$(inherited) @executable_path/Frameworks";
				PRODUCT_BUNDLE_IDENTIFIER = IlyaGutnikovLLC.KinopoiskAPI;
				PRODUCT_NAME = "$(TARGET_NAME)";
				SWIFT_VERSION = 3.0;
			};
			name = Release;
		};
/* End XCBuildConfiguration section */

/* Begin XCConfigurationList section */
		16F0B9321DBA9DC9004ABD07 /* Build configuration list for PBXProject "KinopoiskAPI" */ = {
			isa = XCConfigurationList;
			buildConfigurations = (
				16F0B9471DBA9DCA004ABD07 /* Debug */,
				16F0B9481DBA9DCA004ABD07 /* Release */,
			);
			defaultConfigurationIsVisible = 0;
			defaultConfigurationName = Release;
		};
		16F0B9491DBA9DCA004ABD07 /* Build configuration list for PBXNativeTarget "KinopoiskAPI" */ = {
			isa = XCConfigurationList;
			buildConfigurations = (
				16F0B94A1DBA9DCA004ABD07 /* Debug */,
				16F0B94B1DBA9DCA004ABD07 /* Release */,
			);
			defaultConfigurationIsVisible = 0;
			defaultConfigurationName = Release;
		};
/* End XCConfigurationList section */
	};
	rootObject = 16F0B92F1DBA9DC9004ABD07 /* Project object */;
}
